
Microsoft Visual Studio Solution File, Format Version 12.00
# Visual Studio 15
VisualStudioVersion = 15.0.27004.2010
MinimumVisualStudioVersion = 10.0.40219.1
Project("{FAE04EC0-301F-11D3-BF4B-00C04F79EFBC}") = "CodeKatas", "CodeKatas\CodeKatas.csproj", "{5A6BD5B0-76D7-48CC-A3DE-D5974CB45CEE}"
EndProject
Project("{FAE04EC0-301F-11D3-BF4B-00C04F79EFBC}") = "Tests", "Tests\Tests.csproj", "{843B618F-D139-4F72-B677-4F2630EFB9C6}"
EndProject
Global
	GlobalSection(SolutionConfigurationPlatforms) = preSolution
		Debug|Any CPU = Debug|Any CPU
		Release|Any CPU = Release|Any CPU
	EndGlobalSection
	GlobalSection(ProjectConfigurationPlatforms) = postSolution
		{5A6BD5B0-76D7-48CC-A3DE-D5974CB45CEE}.Debug|Any CPU.ActiveCfg = Debug|Any CPU
		{5A6BD5B0-76D7-48CC-A3DE-D5974CB45CEE}.Debug|Any CPU.Build.0 = Debug|Any CPU
		{5A6BD5B0-76D7-48CC-A3DE-D5974CB45CEE}.Release|Any CPU.ActiveCfg = Release|Any CPU
		{5A6BD5B0-76D7-48CC-A3DE-D5974CB45CEE}.Release|Any CPU.Build.0 = Release|Any CPU
		{843B618F-D139-4F72-B677-4F2630EFB9C6}.Debug|Any CPU.ActiveCfg = Debug|Any CPU
		{843B618F-D139-4F72-B677-4F2630EFB9C6}.Debug|Any CPU.Build.0 = Debug|Any CPU
		{843B618F-D139-4F72-B677-4F2630EFB9C6}.Release|Any CPU.ActiveCfg = Release|Any CPU
		{843B618F-D139-4F72-B677-4F2630EFB9C6}.Release|Any CPU.Build.0 = Release|Any CPU
	EndGlobalSection
	GlobalSection(SolutionProperties) = preSolution
		HideSolutionNode = FALSE
	EndGlobalSection
	GlobalSection(ExtensibilityGlobals) = postSolution
		SolutionGuid = {741528DE-5276-4D16-BD03-691BBD234483}
	EndGlobalSection
EndGlobal
